
Microsoft Visual Studio Solution File, Format Version 12.00
# Visual Studio Version 17
VisualStudioVersion = 17.11.35327.3
MinimumVisualStudioVersion = 10.0.40219.1
Project("{FAE04EC0-301F-11D3-BF4B-00C04F79EFBC}") = "CatFacts", "CatFacts\CatFacts.csproj", "{1A88CABD-CEE2-49CE-A740-1073F813B92C}"
EndProject
Global
	GlobalSection(SolutionConfigurationPlatforms) = preSolution
		Debug|Any CPU = Debug|Any CPU
		Release|Any CPU = Release|Any CPU
	EndGlobalSection
	GlobalSection(ProjectConfigurationPlatforms) = postSolution
		{1A88CABD-CEE2-49CE-A740-1073F813B92C}.Debug|Any CPU.ActiveCfg = Debug|Any CPU
		{1A88CABD-CEE2-49CE-A740-1073F813B92C}.Debug|Any CPU.Build.0 = Debug|Any CPU
		{1A88CABD-CEE2-49CE-A740-1073F813B92C}.Release|Any CPU.ActiveCfg = Release|Any CPU
		{1A88CABD-CEE2-49CE-A740-1073F813B92C}.Release|Any CPU.Build.0 = Release|Any CPU
	EndGlobalSection
	GlobalSection(SolutionProperties) = preSolution
		HideSolutionNode = FALSE
	EndGlobalSection
	GlobalSection(ExtensibilityGlobals) = postSolution
		SolutionGuid = {668F5A3C-0D0C-4FBE-ADCD-81F82015301A}
	EndGlobalSection
EndGlobal
